
Microsoft Visual Studio Solution File, Format Version 12.00
# Visual Studio Version 17
VisualStudioVersion = 17.5.001.0
MinimumVisualStudioVersion = 10.0.40219.1
Project("{9A19103F-16F7-4668-BE54-9A1E7A4F7556}") = "netlinq", "netlinq.csproj", "{018503E7-074A-452A-87CE-3DD395AE6992}"
EndProject
Global
	GlobalSection(SolutionConfigurationPlatforms) = preSolution
		Debug|Any CPU = Debug|Any CPU
		Release|Any CPU = Release|Any CPU
	EndGlobalSection
	GlobalSection(ProjectConfigurationPlatforms) = postSolution
		{018503E7-074A-452A-87CE-3DD395AE6992}.Debug|Any CPU.ActiveCfg = Debug|Any CPU
		{018503E7-074A-452A-87CE-3DD395AE6992}.Debug|Any CPU.Build.0 = Debug|Any CPU
		{018503E7-074A-452A-87CE-3DD395AE6992}.Release|Any CPU.ActiveCfg = Release|Any CPU
		{018503E7-074A-452A-87CE-3DD395AE6992}.Release|Any CPU.Build.0 = Release|Any CPU
	EndGlobalSection
	GlobalSection(SolutionProperties) = preSolution
		HideSolutionNode = FALSE
	EndGlobalSection
	GlobalSection(ExtensibilityGlobals) = postSolution
		SolutionGuid = {F94787FF-06D8-47C4-AC19-E005A3379E80}
	EndGlobalSection
EndGlobal
